
Microsoft Visual Studio Solution File, Format Version 12.00
# Visual Studio 14
VisualStudioVersion = 14.0.25420.1
MinimumVisualStudioVersion = 10.0.40219.1
Project("{F088123C-0E9E-452A-89E6-6BA2F21D5CAC}") = "ModelingProject1", "ModelingProject1\ModelingProject1.modelproj", "{0687975B-C8E6-401B-A838-5C8C2A8648E7}"
EndProject
Project("{8BC9CEB8-8B4A-11D0-8D11-00A0C91BC942}") = "FormingVectorModel", "FormingVectorModel\FormingVectorModel.vcxproj", "{83C909E8-A74C-45B2-ACEF-043974513238}"
EndProject
Project("{8BC9CEB8-8B4A-11D0-8D11-00A0C91BC942}") = "test", "test\test.vcxproj", "{B64EF1DF-91EC-4116-9F27-F987DCC9B386}"
EndProject
Global
	GlobalSection(SolutionConfigurationPlatforms) = preSolution
		Debug|Any CPU = Debug|Any CPU
		Debug|x64 = Debug|x64
		Debug|x86 = Debug|x86
		Release|Any CPU = Release|Any CPU
		Release|x64 = Release|x64
		Release|x86 = Release|x86
	EndGlobalSection
	GlobalSection(ProjectConfigurationPlatforms) = postSolution
		{0687975B-C8E6-401B-A838-5C8C2A8648E7}.Debug|Any CPU.ActiveCfg = Debug|Any CPU
		{0687975B-C8E6-401B-A838-5C8C2A8648E7}.Debug|Any CPU.Build.0 = Debug|Any CPU
		{0687975B-C8E6-401B-A838-5C8C2A8648E7}.Debug|x64.ActiveCfg = Debug|Any CPU
		{0687975B-C8E6-401B-A838-5C8C2A8648E7}.Debug|x64.Build.0 = Debug|Any CPU
		{0687975B-C8E6-401B-A838-5C8C2A8648E7}.Debug|x86.ActiveCfg = Debug|Any CPU
		{0687975B-C8E6-401B-A838-5C8C2A8648E7}.Debug|x86.Build.0 = Debug|Any CPU
		{0687975B-C8E6-401B-A838-5C8C2A8648E7}.Release|Any CPU.ActiveCfg = Release|Any CPU
		{0687975B-C8E6-401B-A838-5C8C2A8648E7}.Release|Any CPU.Build.0 = Release|Any CPU
		{0687975B-C8E6-401B-A838-5C8C2A8648E7}.Release|x64.ActiveCfg = Release|Any CPU
		{0687975B-C8E6-401B-A838-5C8C2A8648E7}.Release|x64.Build.0 = Release|Any CPU
		{0687975B-C8E6-401B-A838-5C8C2A8648E7}.Release|x86.ActiveCfg = Release|Any CPU
		{0687975B-C8E6-401B-A838-5C8C2A8648E7}.Release|x86.Build.0 = Release|Any CPU
		{83C909E8-A74C-45B2-ACEF-043974513238}.Debug|Any CPU.ActiveCfg = Debug|Win32
		{83C909E8-A74C-45B2-ACEF-043974513238}.Debug|x64.ActiveCfg = Debug|x64
		{83C909E8-A74C-45B2-ACEF-043974513238}.Debug|x64.Build.0 = Debug|x64
		{83C909E8-A74C-45B2-ACEF-043974513238}.Debug|x86.ActiveCfg = Debug|Win32
		{83C909E8-A74C-45B2-ACEF-043974513238}.Debug|x86.Build.0 = Debug|Win32
		{83C909E8-A74C-45B2-ACEF-043974513238}.Release|Any CPU.ActiveCfg = Release|Win32
		{83C909E8-A74C-45B2-ACEF-043974513238}.Release|x64.ActiveCfg = Release|x64
		{83C909E8-A74C-45B2-ACEF-043974513238}.Release|x64.Build.0 = Release|x64
		{83C909E8-A74C-45B2-ACEF-043974513238}.Release|x86.ActiveCfg = Release|Win32
		{83C909E8-A74C-45B2-ACEF-043974513238}.Release|x86.Build.0 = Release|Win32
		{B64EF1DF-91EC-4116-9F27-F987DCC9B386}.Debug|Any CPU.ActiveCfg = Debug|Win32
		{B64EF1DF-91EC-4116-9F27-F987DCC9B386}.Debug|x64.ActiveCfg = Debug|x64
		{B64EF1DF-91EC-4116-9F27-F987DCC9B386}.Debug|x64.Build.0 = Debug|x64
		{B64EF1DF-91EC-4116-9F27-F987DCC9B386}.Debug|x86.ActiveCfg = Debug|Win32
		{B64EF1DF-91EC-4116-9F27-F987DCC9B386}.Debug|x86.Build.0 = Debug|Win32
		{B64EF1DF-91EC-4116-9F27-F987DCC9B386}.Release|Any CPU.ActiveCfg = Release|Win32
		{B64EF1DF-91EC-4116-9F27-F987DCC9B386}.Release|x64.ActiveCfg = Release|x64
		{B64EF1DF-91EC-4116-9F27-F987DCC9B386}.Release|x64.Build.0 = Release|x64
		{B64EF1DF-91EC-4116-9F27-F987DCC9B386}.Release|x86.ActiveCfg = Release|Win32
		{B64EF1DF-91EC-4116-9F27-F987DCC9B386}.Release|x86.Build.0 = Release|Win32
	EndGlobalSection
	GlobalSection(SolutionProperties) = preSolution
		HideSolutionNode = FALSE
	EndGlobalSection
EndGlobal
