<?xml version="1.0" encoding="utf-8"?>
<Project ToolsVersion="4.0" xmlns="http://schemas.microsoft.com/developer/msbuild/2003">
  <ItemGroup>
    <Filter Include="Source Files">
      <UniqueIdentifier>{4FC737F1-C7A5-4376-A066-2A32D752A2FF}</UniqueIdentifier>
      <Extensions>cpp;c;cc;cxx;def;odl;idl;hpj;bat;asm;asmx</Extensions>
    </Filter>
    <Filter Include="Header Files">
      <UniqueIdentifier>{93995380-89BD-4b04-88EB-625FBE52EBFB}</UniqueIdentifier>
      <Extensions>h;hh;hpp;hxx;hm;inl;inc;xsd</Extensions>
    </Filter>
    <Filter Include="Resource Files">
      <UniqueIdentifier>{67DA6AB6-F800-4c08-8B7A-83BB121AAD01}</UniqueIdentifier>
      <Extensions>rc;ico;cur;bmp;dlg;rc2;rct;bin;rgs;gif;jpg;jpeg;jpe;resx;tiff;tif;png;wav;mfcribbon-ms</Extensions>
    </Filter>
    <Filter Include="Header Files\Core">
      <UniqueIdentifier>{55dc9648-d6e9-4adc-a5b1-1c726a69b5da}</UniqueIdentifier>
    </Filter>
    <Filter Include="Source Files\Core">
      <UniqueIdentifier>{b3fea803-cb51-4b54-b5c4-faf9f91ff371}</UniqueIdentifier>
    </Filter>
    <Filter Include="Header Files\Core\Objects">
      <UniqueIdentifier>{e510ecf2-b57e-48de-8546-de2afc761a02}</UniqueIdentifier>
    </Filter>
    <Filter Include="Header Files\Core\Objects\Image">
      <UniqueIdentifier>{cd47ca6e-1520-42dc-9b4c-37a50868a40f}</UniqueIdentifier>
    </Filter>
    <Filter Include="Header Files\Core\Objects\Geometric">
      <UniqueIdentifier>{be433414-e8d9-4ff3-a472-a28a68f91990}</UniqueIdentifier>
    </Filter>
    <Filter Include="Source Files\Core\Objects">
      <UniqueIdentifier>{471381f0-f102-4ff0-a5a4-4d6b270627f3}</UniqueIdentifier>
    </Filter>
    <Filter Include="Source Files\Core\Objects\Image">
      <UniqueIdentifier>{0ec71065-d157-42f6-8220-143c2a0d19da}</UniqueIdentifier>
    </Filter>
    <Filter Include="Source Files\Core\Objects\Geometric">
      <UniqueIdentifier>{f5a6b496-a7aa-4f36-8229-ca1619298bac}</UniqueIdentifier>
    </Filter>
    <Filter Include="Header Files\Core\CommonFunctions">
      <UniqueIdentifier>{fbdfa5c7-9274-44c3-9bf5-09ac975cfa2a}</UniqueIdentifier>
    </Filter>
    <Filter Include="Source Files\Core\CommonFunctions">
      <UniqueIdentifier>{1bd7db2b-1948-4449-900b-0956d778791b}</UniqueIdentifier>
    </Filter>
    <Filter Include="Header Files\Core\Transformations">
      <UniqueIdentifier>{4db43310-ec9e-4285-91bc-f281f308ff19}</UniqueIdentifier>
    </Filter>
    <Filter Include="Source Files\Core\Transformations">
      <UniqueIdentifier>{3d832a8c-3ce3-43c4-ac5d-e6c53c73e54a}</UniqueIdentifier>
    </Filter>
    <Filter Include="Header Files\Core\IO">
      <UniqueIdentifier>{c4dd5784-0f43-4b15-9727-770733da5f30}</UniqueIdentifier>
    </Filter>
    <Filter Include="Source Files\Core\IO">
      <UniqueIdentifier>{7e40f774-18db-4a79-b616-657c075ed84e}</UniqueIdentifier>
    </Filter>
  </ItemGroup>
  <ItemGroup>
    <ClCompile Include="main.cpp">
      <Filter>Source Files</Filter>
    </ClCompile>
    <ClCompile Include="Core\Objects\Image\Pixel.cpp">
      <Filter>Source Files\Core\Objects\Image</Filter>
    </ClCompile>
    <ClCompile Include="Core\CommonFunctions\Convert.cpp">
      <Filter>Source Files\Core\CommonFunctions</Filter>
    </ClCompile>
    <ClCompile Include="Core\Objects\Image\DefaultImage.cpp">
      <Filter>Source Files\Core\Objects\Image</Filter>
    </ClCompile>
    <ClCompile Include="Core\Transformations\YIQGrayscale.cpp">
      <Filter>Source Files\Core\Transformations</Filter>
    </ClCompile>
    <ClCompile Include="Core\IO\Reader.cpp">
      <Filter>Source Files\Core\IO</Filter>
    </ClCompile>
    <ClCompile Include="Core\IO\Writer.cpp">
      <Filter>Source Files\Core\IO</Filter>
    </ClCompile>
    <ClCompile Include="Core\Transformations\OtsuBinarization.cpp">
      <Filter>Source Files\Core\Transformations</Filter>
    </ClCompile>
    <ClCompile Include="Core\Transformations\GuoHallSkeletization.cpp">
      <Filter>Source Files\Core\Transformations</Filter>
    </ClCompile>
    <ClCompile Include="Core\Transformations\ZhangSuenSkeletization.cpp">
      <Filter>Source Files\Core\Transformations</Filter>
    </ClCompile>
    <ClCompile Include="Core\Objects\Geometric\Line.cpp">
      <Filter>Source Files\Core\Objects\Geometric</Filter>
    </ClCompile>
    <ClCompile Include="Core\Objects\Geometric\Point.cpp">
      <Filter>Source Files\Core\Objects\Geometric</Filter>
    </ClCompile>
  </ItemGroup>
  <ItemGroup>
    <ClInclude Include="Core\Objects\Image\Pixel.hpp">
      <Filter>Header Files\Core\Objects\Image</Filter>
    </ClInclude>
    <ClInclude Include="Core\CommonFunctions\Convert.hpp">
      <Filter>Header Files\Core\CommonFunctions</Filter>
    </ClInclude>
    <ClInclude Include="Core\Objects\Image\IImage.hpp">
      <Filter>Header Files\Core\Objects\Image</Filter>
    </ClInclude>
    <ClInclude Include="Core\Objects\Image\DefaultImage.hpp">
      <Filter>Header Files\Core\Objects\Image</Filter>
    </ClInclude>
    <ClInclude Include="Core\Transformations\ITransformation.hpp">
      <Filter>Header Files\Core\Transformations</Filter>
    </ClInclude>
    <ClInclude Include="Core\Transformations\IGrayscale.hpp">
      <Filter>Header Files\Core\Transformations</Filter>
    </ClInclude>
    <ClInclude Include="Core\Transformations\YIQGrayscale.hpp">
      <Filter>Header Files\Core\Transformations</Filter>
    </ClInclude>
    <ClInclude Include="Core\IO\Reader.hpp">
      <Filter>Header Files\Core\IO</Filter>
    </ClInclude>
    <ClInclude Include="Core\IO\Writer.hpp">
      <Filter>Header Files\Core\IO</Filter>
    </ClInclude>
    <ClInclude Include="Core\Transformations\IBinarization.hpp">
      <Filter>Header Files\Core\Transformations</Filter>
    </ClInclude>
    <ClInclude Include="Core\Transformations\OtsuBinarization.hpp">
      <Filter>Header Files\Core\Transformations</Filter>
    </ClInclude>
    <ClInclude Include="Core\Transformations\GuoHallSkeletization.hpp">
      <Filter>Header Files\Core\Transformations</Filter>
    </ClInclude>
    <ClInclude Include="Core\Transformations\ISkeletization.hpp">
      <Filter>Header Files\Core\Transformations</Filter>
    </ClInclude>
    <ClInclude Include="Core\Transformations\ZhangSuenSkeletization.hpp">
      <Filter>Header Files\Core\Transformations</Filter>
    </ClInclude>
    <ClInclude Include="Core\Objects\Geometric\IObject.hpp">
      <Filter>Header Files\Core\Objects\Geometric</Filter>
    </ClInclude>
    <ClInclude Include="Core\Objects\Geometric\Line.hpp">
      <Filter>Header Files\Core\Objects\Geometric</Filter>
    </ClInclude>
    <ClInclude Include="Core\Objects\Geometric\Point.hpp">
      <Filter>Header Files\Core\Objects\Geometric</Filter>
    </ClInclude>
  </ItemGroup>
</Project>