<?xml version="1.0" encoding="utf-8"?>
<Project ToolsVersion="4.0" xmlns="http://schemas.microsoft.com/developer/msbuild/2003">
  <ItemGroup>
    <Filter Include="Source Files">
      <UniqueIdentifier>{4FC737F1-C7A5-4376-A066-2A32D752A2FF}</UniqueIdentifier>
      <Extensions>cpp;c;cc;cxx;def;odl;idl;hpj;bat;asm;asmx</Extensions>
    </Filter>
    <Filter Include="Header Files">
      <UniqueIdentifier>{93995380-89BD-4b04-88EB-625FBE52EBFB}</UniqueIdentifier>
      <Extensions>h;hh;hpp;hxx;hm;inl;inc;xsd</Extensions>
    </Filter>
    <Filter Include="Resource Files">
      <UniqueIdentifier>{67DA6AB6-F800-4c08-8B7A-83BB121AAD01}</UniqueIdentifier>
      <Extensions>rc;ico;cur;bmp;dlg;rc2;rct;bin;rgs;gif;jpg;jpeg;jpe;resx;tiff;tif;png;wav;mfcribbon-ms</Extensions>
    </Filter>
  </ItemGroup>
  <ItemGroup>
    <ClCompile Include="main.cpp">
      <Filter>Source Files</Filter>
    </ClCompile>
    <ClCompile Include="Source.cpp">
      <Filter>Source Files</Filter>
    </ClCompile>
    <ClCompile Include="main_old.cpp">
      <Filter>Source Files</Filter>
    </ClCompile>
    <ClCompile Include="Core\IO\Path.cpp">
      <Filter>Source Files</Filter>
    </ClCompile>
    <ClCompile Include="Core\Objects\Geometric\Point.cpp">
      <Filter>Source Files</Filter>
    </ClCompile>
    <ClCompile Include="Core\Objects\Geometric\Line.cpp">
      <Filter>Source Files</Filter>
    </ClCompile>
    <ClCompile Include="Core\Objects\Visual\Color.cpp">
      <Filter>Source Files</Filter>
    </ClCompile>
    <ClCompile Include="Core\Common\Functions.cpp">
      <Filter>Source Files</Filter>
    </ClCompile>
    <ClCompile Include="Core\Objects\Visual\Pixel.cpp">
      <Filter>Source Files</Filter>
    </ClCompile>
    <ClCompile Include="Core\Objects\Visual\Image.cpp">
      <Filter>Source Files</Filter>
    </ClCompile>
    <ClCompile Include="Core\IO\Reader.cpp">
      <Filter>Source Files</Filter>
    </ClCompile>
    <ClCompile Include="Core\IO\Writer.cpp">
      <Filter>Source Files</Filter>
    </ClCompile>
    <ClCompile Include="Core\Transformations\YIQGrayscalation.cpp">
      <Filter>Source Files</Filter>
    </ClCompile>
    <ClCompile Include="Core\Transformations\OtsuBinarization.cpp">
      <Filter>Source Files</Filter>
    </ClCompile>
    <ClCompile Include="Core\Transformations\MiddleThresholdBinarization.cpp">
      <Filter>Source Files</Filter>
    </ClCompile>
    <ClCompile Include="Core\Transformations\Invertation.cpp">
      <Filter>Source Files</Filter>
    </ClCompile>
    <ClCompile Include="Core\Transformations\ZhangSuenSkeletization.cpp">
      <Filter>Source Files</Filter>
    </ClCompile>
    <ClCompile Include="Core\Transformations\GuoHallSkeletization.cpp">
      <Filter>Source Files</Filter>
    </ClCompile>
    <ClCompile Include="Core\Vectorizations\Vectorization.cpp">
      <Filter>Source Files</Filter>
    </ClCompile>
    <ClCompile Include="Core\Vectorizations\Vectorization2.cpp">
      <Filter>Source Files</Filter>
    </ClCompile>
    <ClCompile Include="Core\Vectorizations\ImageWithVisitedMarks.cpp">
      <Filter>Source Files</Filter>
    </ClCompile>
    <ClCompile Include="Core\Vectorizations\VectorizationState.cpp">
      <Filter>Source Files</Filter>
    </ClCompile>
    <ClCompile Include="Tests\Vectorization\VectorizationTests.cpp">
      <Filter>Source Files</Filter>
    </ClCompile>
    <ClCompile Include="Core\Vectorizations\IntersectionPoint.cpp">
      <Filter>Source Files</Filter>
    </ClCompile>
    <ClCompile Include="Core\Objects\Geometric\AObject.cpp">
      <Filter>Source Files</Filter>
    </ClCompile>
    <ClCompile Include="Core\Vectorizations\Vectorization3.cpp">
      <Filter>Source Files</Filter>
    </ClCompile>
  </ItemGroup>
  <ItemGroup>
    <ClInclude Include="Core\Objects\Geometric\IObject.h">
      <Filter>Header Files</Filter>
    </ClInclude>
    <ClInclude Include="Core\Objects\Geometric\IPoint.h">
      <Filter>Header Files</Filter>
    </ClInclude>
    <ClInclude Include="Core\Objects\Geometric\ILine.h">
      <Filter>Header Files</Filter>
    </ClInclude>
    <ClInclude Include="Core\Objects\Visual\IColor.h">
      <Filter>Header Files</Filter>
    </ClInclude>
    <ClInclude Include="Core\Objects\Visual\IPixel.h">
      <Filter>Header Files</Filter>
    </ClInclude>
    <ClInclude Include="Core\Objects\Visual\IImage.h">
      <Filter>Header Files</Filter>
    </ClInclude>
    <ClInclude Include="Core\Transformations\ITransformation.h">
      <Filter>Header Files</Filter>
    </ClInclude>
    <ClInclude Include="Core\Transformations\IGrayscalation.h">
      <Filter>Header Files</Filter>
    </ClInclude>
    <ClInclude Include="Core\Transformations\IBinarization.h">
      <Filter>Header Files</Filter>
    </ClInclude>
    <ClInclude Include="Core\Transformations\ISkeletization.h">
      <Filter>Header Files</Filter>
    </ClInclude>
    <ClInclude Include="Core\Transformations\IInvertation.h">
      <Filter>Header Files</Filter>
    </ClInclude>
    <ClInclude Include="Core\Vectorizations\IVectorization.h">
      <Filter>Header Files</Filter>
    </ClInclude>
    <ClInclude Include="Core\IO\Path.h">
      <Filter>Header Files</Filter>
    </ClInclude>
    <ClInclude Include="Core\Objects\Geometric\Point.h">
      <Filter>Header Files</Filter>
    </ClInclude>
    <ClInclude Include="Core\Objects\Geometric\Line.h">
      <Filter>Header Files</Filter>
    </ClInclude>
    <ClInclude Include="Core\Objects\Visual\Color.h">
      <Filter>Header Files</Filter>
    </ClInclude>
    <ClInclude Include="Core\Common\Functions.h">
      <Filter>Header Files</Filter>
    </ClInclude>
    <ClInclude Include="Core\Objects\Visual\Pixel.h">
      <Filter>Header Files</Filter>
    </ClInclude>
    <ClInclude Include="Core\Objects\Visual\Image.h">
      <Filter>Header Files</Filter>
    </ClInclude>
    <ClInclude Include="Core\IO\Reader.h">
      <Filter>Header Files</Filter>
    </ClInclude>
    <ClInclude Include="Core\IO\Writer.h">
      <Filter>Header Files</Filter>
    </ClInclude>
    <ClInclude Include="Core\Transformations\YIQGrayscalation.h">
      <Filter>Header Files</Filter>
    </ClInclude>
    <ClInclude Include="Core\Transformations\OtsuBinarization.h">
      <Filter>Header Files</Filter>
    </ClInclude>
    <ClInclude Include="Core\Transformations\MiddleThresholdBinarization.h">
      <Filter>Header Files</Filter>
    </ClInclude>
    <ClInclude Include="Core\Transformations\Invertation.h">
      <Filter>Header Files</Filter>
    </ClInclude>
    <ClInclude Include="Core\Transformations\ZhangSuenSkeletization.h">
      <Filter>Header Files</Filter>
    </ClInclude>
    <ClInclude Include="Core\Transformations\GuoHallSkeletization.h">
      <Filter>Header Files</Filter>
    </ClInclude>
    <ClInclude Include="Core\Vectorizations\Vectorization.h">
      <Filter>Header Files</Filter>
    </ClInclude>
    <ClInclude Include="Tests\Vectorization\VectorizationTests.h">
      <Filter>Header Files</Filter>
    </ClInclude>
    <ClInclude Include="Core\Vectorizations\Vectorization2.h">
      <Filter>Header Files</Filter>
    </ClInclude>
    <ClInclude Include="Core\Vectorizations\ImageWithVisitedMarks.h">
      <Filter>Header Files</Filter>
    </ClInclude>
    <ClInclude Include="Core\Vectorizations\VectorizationState.h">
      <Filter>Header Files</Filter>
    </ClInclude>
    <ClInclude Include="Core\Vectorizations\IntersectionPoint.h">
      <Filter>Header Files</Filter>
    </ClInclude>
    <ClInclude Include="Core\Objects\Geometric\AObject.h">
      <Filter>Header Files</Filter>
    </ClInclude>
    <ClInclude Include="Core\Vectorizations\Vectorization3.h">
      <Filter>Header Files</Filter>
    </ClInclude>
  </ItemGroup>
</Project>